
Microsoft Visual Studio Solution File, Format Version 12.00
# Visual Studio Version 16
VisualStudioVersion = 16.0.32602.291
MinimumVisualStudioVersion = 10.0.40219.1
Project("{FAE04EC0-301F-11D3-BF4B-00C04F79EFBC}") = "MyFirstProgram", "MyFirstProgram\MyFirstProgram.csproj", "{8D9E016B-55E9-4CF9-9E38-535009388501}"
EndProject
Global
	GlobalSection(SolutionConfigurationPlatforms) = preSolution
		Debug|Any CPU = Debug|Any CPU
		Release|Any CPU = Release|Any CPU
	EndGlobalSection
	GlobalSection(ProjectConfigurationPlatforms) = postSolution
		{8D9E016B-55E9-4CF9-9E38-535009388501}.Debug|Any CPU.ActiveCfg = Debug|Any CPU
		{8D9E016B-55E9-4CF9-9E38-535009388501}.Debug|Any CPU.Build.0 = Debug|Any CPU
		{8D9E016B-55E9-4CF9-9E38-535009388501}.Release|Any CPU.ActiveCfg = Release|Any CPU
		{8D9E016B-55E9-4CF9-9E38-535009388501}.Release|Any CPU.Build.0 = Release|Any CPU
	EndGlobalSection
	GlobalSection(SolutionProperties) = preSolution
		HideSolutionNode = FALSE
	EndGlobalSection
	GlobalSection(ExtensibilityGlobals) = postSolution
		SolutionGuid = {1742AA15-EAF3-4811-9449-F00173DE3574}
	EndGlobalSection
EndGlobal
