
Microsoft Visual Studio Solution File, Format Version 12.00
# Visual Studio Version 16
VisualStudioVersion = 16.0.32602.291
MinimumVisualStudioVersion = 10.0.40219.1
Project("{FAE04EC0-301F-11D3-BF4B-00C04F79EFBC}") = "FormattingTasks", "FormattingTasks\FormattingTasks.csproj", "{4486C7F7-9393-4C4D-9AA7-76B4D3867E4F}"
EndProject
Global
	GlobalSection(SolutionConfigurationPlatforms) = preSolution
		Debug|Any CPU = Debug|Any CPU
		Release|Any CPU = Release|Any CPU
	EndGlobalSection
	GlobalSection(ProjectConfigurationPlatforms) = postSolution
		{4486C7F7-9393-4C4D-9AA7-76B4D3867E4F}.Debug|Any CPU.ActiveCfg = Debug|Any CPU
		{4486C7F7-9393-4C4D-9AA7-76B4D3867E4F}.Debug|Any CPU.Build.0 = Debug|Any CPU
		{4486C7F7-9393-4C4D-9AA7-76B4D3867E4F}.Release|Any CPU.ActiveCfg = Release|Any CPU
		{4486C7F7-9393-4C4D-9AA7-76B4D3867E4F}.Release|Any CPU.Build.0 = Release|Any CPU
	EndGlobalSection
	GlobalSection(SolutionProperties) = preSolution
		HideSolutionNode = FALSE
	EndGlobalSection
	GlobalSection(ExtensibilityGlobals) = postSolution
		SolutionGuid = {FA2AEF46-E0BC-4663-9C64-3D852ACD5F4F}
	EndGlobalSection
EndGlobal
